
Microsoft Visual Studio Solution File, Format Version 12.00
# Visual Studio Version 16
VisualStudioVersion = 16.0.29728.190
MinimumVisualStudioVersion = 10.0.40219.1
Project("{2150E333-8FDC-42A3-9474-1A3956D46DE8}") = "Application", "Application", "{428175C9-A2F3-4E07-9602-53F8F8ACF5C2}"
EndProject
Project("{2150E333-8FDC-42A3-9474-1A3956D46DE8}") = "Domain", "Domain", "{5BBC3196-D1CE-4A4F-B28F-4D061D6A7A4B}"
EndProject
Project("{2150E333-8FDC-42A3-9474-1A3956D46DE8}") = "Infra.Data", "Infra.Data", "{3B76E5C7-19B2-4320-B70E-24421E11058C}"
EndProject
Project("{2150E333-8FDC-42A3-9474-1A3956D46DE8}") = "Infra.IoC", "Infra.IoC", "{EEE46770-EBC1-4A92-AEAF-317C71A7359B}"
EndProject
Project("{2150E333-8FDC-42A3-9474-1A3956D46DE8}") = "Presentation", "Presentation", "{DB9BF858-25DC-4875-95E8-3069950D201F}"
EndProject
Project("{9A19103F-16F7-4668-BE54-9A1E7A4F7556}") = "CleanArch.Mvc", "CleanArch.Mvc\CleanArch.Mvc.csproj", "{80744AF6-88B2-4CAE-8479-5BCDE860275E}"
EndProject
Project("{9A19103F-16F7-4668-BE54-9A1E7A4F7556}") = "CleanArch.Domain", "CleanArch.Domain\CleanArch.Domain.csproj", "{D4DE4C9A-C4BB-4FA1-8799-5DEA21658512}"
EndProject
Project("{9A19103F-16F7-4668-BE54-9A1E7A4F7556}") = "CleanArch.Infra.Data", "CleanArch.Infra.Data\CleanArch.Infra.Data.csproj", "{4D385266-8A2A-4256-9029-832DEC6A5414}"
EndProject
Project("{FAE04EC0-301F-11D3-BF4B-00C04F79EFBC}") = "CleanArch.Application", "CleanArch.Application\CleanArch.Application.csproj", "{64961AF8-DA4E-4E88-992A-DEC0FB6CEC43}"
EndProject
Project("{2150E333-8FDC-42A3-9474-1A3956D46DE8}") = "Solution Items", "Solution Items", "{FBE9A385-0309-4E44-88E6-670C2D5B6EC3}"
	ProjectSection(SolutionItems) = preProject
		Notes.txt = Notes.txt
	EndProjectSection
EndProject
Project("{FAE04EC0-301F-11D3-BF4B-00C04F79EFBC}") = "CleanArch.Infra.IoC", "CleanArch.Infra.IoC\CleanArch.Infra.IoC.csproj", "{37BB1326-500E-44E4-A008-5FA27E06E7BA}"
EndProject
Project("{2150E333-8FDC-42A3-9474-1A3956D46DE8}") = "Infra.Bus", "Infra.Bus", "{698A6FA9-84FD-4AC7-801E-24BB9989EC91}"
EndProject
Project("{2150E333-8FDC-42A3-9474-1A3956D46DE8}") = "Api", "Api", "{EFDF7FF7-E617-4795-899C-E743D7FE304F}"
EndProject
Project("{FAE04EC0-301F-11D3-BF4B-00C04F79EFBC}") = "CleanArch.Infra.Bus", "CleanArch.Infra.Bus\CleanArch.Infra.Bus.csproj", "{28E2F977-331E-446E-8952-6B31E67FA410}"
EndProject
Project("{FAE04EC0-301F-11D3-BF4B-00C04F79EFBC}") = "CleanArch.Domain.Core", "CleanArch.Domain.Core\CleanArch.Domain.Core.csproj", "{121E8A57-6E23-4B5B-B8D6-B386DADD313C}"
EndProject
Global
	GlobalSection(SolutionConfigurationPlatforms) = preSolution
		Debug|Any CPU = Debug|Any CPU
		Release|Any CPU = Release|Any CPU
	EndGlobalSection
	GlobalSection(ProjectConfigurationPlatforms) = postSolution
		{80744AF6-88B2-4CAE-8479-5BCDE860275E}.Debug|Any CPU.ActiveCfg = Debug|Any CPU
		{80744AF6-88B2-4CAE-8479-5BCDE860275E}.Debug|Any CPU.Build.0 = Debug|Any CPU
		{80744AF6-88B2-4CAE-8479-5BCDE860275E}.Release|Any CPU.ActiveCfg = Release|Any CPU
		{80744AF6-88B2-4CAE-8479-5BCDE860275E}.Release|Any CPU.Build.0 = Release|Any CPU
		{D4DE4C9A-C4BB-4FA1-8799-5DEA21658512}.Debug|Any CPU.ActiveCfg = Debug|Any CPU
		{D4DE4C9A-C4BB-4FA1-8799-5DEA21658512}.Debug|Any CPU.Build.0 = Debug|Any CPU
		{D4DE4C9A-C4BB-4FA1-8799-5DEA21658512}.Release|Any CPU.ActiveCfg = Release|Any CPU
		{D4DE4C9A-C4BB-4FA1-8799-5DEA21658512}.Release|Any CPU.Build.0 = Release|Any CPU
		{4D385266-8A2A-4256-9029-832DEC6A5414}.Debug|Any CPU.ActiveCfg = Debug|Any CPU
		{4D385266-8A2A-4256-9029-832DEC6A5414}.Debug|Any CPU.Build.0 = Debug|Any CPU
		{4D385266-8A2A-4256-9029-832DEC6A5414}.Release|Any CPU.ActiveCfg = Release|Any CPU
		{4D385266-8A2A-4256-9029-832DEC6A5414}.Release|Any CPU.Build.0 = Release|Any CPU
		{64961AF8-DA4E-4E88-992A-DEC0FB6CEC43}.Debug|Any CPU.ActiveCfg = Debug|Any CPU
		{64961AF8-DA4E-4E88-992A-DEC0FB6CEC43}.Debug|Any CPU.Build.0 = Debug|Any CPU
		{64961AF8-DA4E-4E88-992A-DEC0FB6CEC43}.Release|Any CPU.ActiveCfg = Release|Any CPU
		{64961AF8-DA4E-4E88-992A-DEC0FB6CEC43}.Release|Any CPU.Build.0 = Release|Any CPU
		{37BB1326-500E-44E4-A008-5FA27E06E7BA}.Debug|Any CPU.ActiveCfg = Debug|Any CPU
		{37BB1326-500E-44E4-A008-5FA27E06E7BA}.Debug|Any CPU.Build.0 = Debug|Any CPU
		{37BB1326-500E-44E4-A008-5FA27E06E7BA}.Release|Any CPU.ActiveCfg = Release|Any CPU
		{37BB1326-500E-44E4-A008-5FA27E06E7BA}.Release|Any CPU.Build.0 = Release|Any CPU
		{28E2F977-331E-446E-8952-6B31E67FA410}.Debug|Any CPU.ActiveCfg = Debug|Any CPU
		{28E2F977-331E-446E-8952-6B31E67FA410}.Debug|Any CPU.Build.0 = Debug|Any CPU
		{28E2F977-331E-446E-8952-6B31E67FA410}.Release|Any CPU.ActiveCfg = Release|Any CPU
		{28E2F977-331E-446E-8952-6B31E67FA410}.Release|Any CPU.Build.0 = Release|Any CPU
		{121E8A57-6E23-4B5B-B8D6-B386DADD313C}.Debug|Any CPU.ActiveCfg = Debug|Any CPU
		{121E8A57-6E23-4B5B-B8D6-B386DADD313C}.Debug|Any CPU.Build.0 = Debug|Any CPU
		{121E8A57-6E23-4B5B-B8D6-B386DADD313C}.Release|Any CPU.ActiveCfg = Release|Any CPU
		{121E8A57-6E23-4B5B-B8D6-B386DADD313C}.Release|Any CPU.Build.0 = Release|Any CPU
	EndGlobalSection
	GlobalSection(SolutionProperties) = preSolution
		HideSolutionNode = FALSE
	EndGlobalSection
	GlobalSection(NestedProjects) = preSolution
		{80744AF6-88B2-4CAE-8479-5BCDE860275E} = {DB9BF858-25DC-4875-95E8-3069950D201F}
		{D4DE4C9A-C4BB-4FA1-8799-5DEA21658512} = {5BBC3196-D1CE-4A4F-B28F-4D061D6A7A4B}
		{4D385266-8A2A-4256-9029-832DEC6A5414} = {3B76E5C7-19B2-4320-B70E-24421E11058C}
		{64961AF8-DA4E-4E88-992A-DEC0FB6CEC43} = {428175C9-A2F3-4E07-9602-53F8F8ACF5C2}
		{37BB1326-500E-44E4-A008-5FA27E06E7BA} = {EEE46770-EBC1-4A92-AEAF-317C71A7359B}
		{28E2F977-331E-446E-8952-6B31E67FA410} = {698A6FA9-84FD-4AC7-801E-24BB9989EC91}
		{121E8A57-6E23-4B5B-B8D6-B386DADD313C} = {5BBC3196-D1CE-4A4F-B28F-4D061D6A7A4B}
	EndGlobalSection
	GlobalSection(ExtensibilityGlobals) = postSolution
		SolutionGuid = {2F4B3835-C7AC-4241-9FE8-93ECB9808123}
	EndGlobalSection
EndGlobal
